# THIS IS AN AUTOGENERATED FILE. DO NOT EDIT THIS FILE DIRECTLY.
# yarn lockfile v1


"@babel/runtime@^7.3.1":
  version "7.21.0"
  resolved "https://npm.corp.kuaishou.com/@babel/runtime/-/runtime-7.21.0.tgz#5b55c9d394e5fcf304909a8b00c07dc217b56673"
  integrity sha512-xwII0//EObnq89Ji5AKYQaRYiW/nZ3llSv29d49IuxPhKbtJoLP+9QUUZ4nVragQVtaVGeZrpB+ZtG/Pdy/POw==
  dependencies:
    regenerator-runtime "^0.13.11"

"@next/env@13.3.0":
  version "13.3.0"
  resolved "https://npm.corp.kuaishou.com/@next/env/-/env-13.3.0.tgz#cc2e49f03060a4684ce7ec7fd617a21bc5b9edba"
  integrity sha512-AjppRV4uG3No7L1plinoTQETH+j2F10TEnrMfzbTUYwze5sBUPveeeBAPZPm8OkJZ1epq9OyYKhZrvbD6/9HCQ==

"@next/swc-darwin-arm64@13.3.0":
  version "13.3.0"
  resolved "https://npm.corp.kuaishou.com/@next/swc-darwin-arm64/-/swc-darwin-arm64-13.3.0.tgz#38f18e0639cd4c7edc6a38d4b83fe00f38eea4f2"
  integrity sha512-DmIQCNq6JtccLPPBzf0dgh2vzMWt5wjxbP71pCi5EWpWYE3MsP6FcRXi4MlAmFNDQOfcFXR2r7kBeG1LpZUh1w==

"@next/swc-darwin-x64@13.3.0":
  version "13.3.0"
  resolved "https://npm.corp.kuaishou.com/@next/swc-darwin-x64/-/swc-darwin-x64-13.3.0.tgz#b670ed1fd1d231aa21279173ec52e3ad56dc6aeb"
  integrity sha512-oQoqFa88OGgwnYlnAGHVct618FRI/749se0N3S8t9Bzdv5CRbscnO0RcX901+YnNK4Q6yeiizfgO3b7kogtsZg==

"@next/swc-linux-arm64-gnu@13.3.0":
  version "13.3.0"
  resolved "https://npm.corp.kuaishou.com/@next/swc-linux-arm64-gnu/-/swc-linux-arm64-gnu-13.3.0.tgz#b114935f6b4c94c123f6cac55a4823d483209ba5"
  integrity sha512-Wzz2p/WqAJUqTVoLo6H18WMeAXo3i+9DkPDae4oQG8LMloJ3if4NEZTnOnTUlro6cq+S/W4pTGa97nWTrOjbGw==

"@next/swc-linux-arm64-musl@13.3.0":
  version "13.3.0"
  resolved "https://npm.corp.kuaishou.com/@next/swc-linux-arm64-musl/-/swc-linux-arm64-musl-13.3.0.tgz#67a57309f8761c7d00d629d6785d56ed0567a0d2"
  integrity sha512-xPVrIQOQo9WXJYgmoTlMnAD/HlR/1e1ZIWGbwIzEirXBVBqMARUulBEIKdC19zuvoJ477qZJgBDCKtKEykCpyQ==

"@next/swc-linux-x64-gnu@13.3.0":
  version "13.3.0"
  resolved "https://npm.corp.kuaishou.com/@next/swc-linux-x64-gnu/-/swc-linux-x64-gnu-13.3.0.tgz#11bd2bea7c00b40be111c0dd16e71171f3792086"
  integrity sha512-jOFlpGuPD7W2tuXVJP4wt9a3cpNxWAPcloq5EfMJRiXsBBOjLVFZA7boXYxEBzSVgUiVVr1V9T0HFM7pULJ1qA==

"@next/swc-linux-x64-musl@13.3.0":
  version "13.3.0"
  resolved "https://npm.corp.kuaishou.com/@next/swc-linux-x64-musl/-/swc-linux-x64-musl-13.3.0.tgz#d57e99f85890799b78719c3ea32a4624de8d701b"
  integrity sha512-2OwKlzaBgmuet9XYHc3KwsEilzb04F540rlRXkAcjMHL7eCxB7uZIGtsVvKOnQLvC/elrUegwSw1+5f7WmfyOw==

"@next/swc-win32-arm64-msvc@13.3.0":
  version "13.3.0"
  resolved "https://npm.corp.kuaishou.com/@next/swc-win32-arm64-msvc/-/swc-win32-arm64-msvc-13.3.0.tgz#0c209aa35d1c88b01e78259a89cd68f4139b5093"
  integrity sha512-OeHiA6YEvndxT46g+rzFK/MQTfftKxJmzslERMu9LDdC6Kez0bdrgEYed5eXFK2Z1viKZJCGRlhd06rBusyztA==

"@next/swc-win32-ia32-msvc@13.3.0":
  version "13.3.0"
  resolved "https://npm.corp.kuaishou.com/@next/swc-win32-ia32-msvc/-/swc-win32-ia32-msvc-13.3.0.tgz#52ae74da1dd6d840c3743923367d27ed013803dd"
  integrity sha512-4aB7K9mcVK1lYEzpOpqWrXHEZympU3oK65fnNcY1Qc4HLJFLJj8AViuqQd4jjjPNuV4sl8jAwTz3gN5VNGWB7w==

"@next/swc-win32-x64-msvc@13.3.0":
  version "13.3.0"
  resolved "https://npm.corp.kuaishou.com/@next/swc-win32-x64-msvc/-/swc-win32-x64-msvc-13.3.0.tgz#db7b55fee834dc8c2c484c696469e65bae2ee770"
  integrity sha512-Reer6rkLLcoOvB0dd66+Y7WrWVFH7sEEkF/4bJCIfsSKnTStTYaHtwIJAwbqnt9I392Tqvku0KkoqZOryWV9LQ==

"@swc/helpers@0.4.14":
  version "0.4.14"
  resolved "https://npm.corp.kuaishou.com/@swc/helpers/-/helpers-0.4.14.tgz#1352ac6d95e3617ccb7c1498ff019654f1e12a74"
  integrity sha512-4C7nX/dvpzB7za4Ql9K81xK3HPxCpHMgwTZVyf+9JQ6VUbn9jjZVN7/Nkdz/Ugzs2CSjqnL/UPXroiVBVHUWUw==
  dependencies:
    tslib "^2.4.0"

"@types/hast@^2.0.0":
  version "2.3.4"
  resolved "https://npm.corp.kuaishou.com/@types/hast/-/hast-2.3.4.tgz#8aa5ef92c117d20d974a82bdfb6a648b08c0bafc"
  integrity sha512-wLEm0QvaoawEDoTRwzTXp4b4jpwiJDvR5KMnFnVodm3scufTlBOWRD6N1OBf9TZMhjlNsSfcO5V+7AF4+Vy+9g==
  dependencies:
    "@types/unist" "*"

"@types/unist@*":
  version "2.0.6"
  resolved "https://npm.corp.kuaishou.com/@types/unist/-/unist-2.0.6.tgz#250a7b16c3b91f672a24552ec64678eeb1d3a08d"
  integrity sha512-PBjIUxZHOuj0R15/xuwJYjFi+KZdNFrehocChv4g5hu6aFroHue8m0lBP0POdK2nKzbw0cgV1mws8+V/JAcEkQ==

argparse@^2.0.1:
  version "2.0.1"
  resolved "https://npm.corp.kuaishou.com/argparse/-/argparse-2.0.1.tgz#246f50f3ca78a3240f6c997e8a9bd1eac49e4b38"
  integrity sha512-8+9WqebbFzpX9OR+Wa6O29asIogeRMzcGtAINdpMHHyAg10f05aSFVBbcEqGf/PXw1EjAZ+q2/bEBg3DvurK3Q==

asynckit@^0.4.0:
  version "0.4.0"
  resolved "https://npm.corp.kuaishou.com/asynckit/-/asynckit-0.4.0.tgz#c79ed97f7f34cb8f2ba1bc9790bcc366474b4b79"
  integrity sha512-Oei9OH4tRh0YqU3GxhX79dM/mwVgvbZJaSNaRk+bshkj0S5cfHcgYakreBjrHwatXKbz+IoIdYLxrKim2MjW0Q==

axios@^0.26.0:
  version "0.26.1"
  resolved "https://npm.corp.kuaishou.com/axios/-/axios-0.26.1.tgz#1ede41c51fcf51bbbd6fd43669caaa4f0495aaa9"
  integrity sha512-fPwcX4EvnSHuInCMItEhAGnaSEXRBjtzh9fOtsE6E1G6p7vl7edEeZe11QHf18+6+9gR5PbKV/sGKNaD8YaMeA==
  dependencies:
    follow-redirects "^1.14.8"

busboy@1.6.0:
  version "1.6.0"
  resolved "https://npm.corp.kuaishou.com/busboy/-/busboy-1.6.0.tgz#966ea36a9502e43cdb9146962523b92f531f6893"
  integrity sha512-8SFQbg/0hQ9xy3UNTB0YEnsNBbWfhf7RtnzpL7TkBiTBRfrQ9Fxcnz7VJsleJpyp6rVLvXiuORqjlHi5q+PYuA==
  dependencies:
    streamsearch "^1.1.0"

caniuse-lite@^1.0.30001406:
  version "1.0.30001478"
  resolved "https://npm.corp.kuaishou.com/caniuse-lite/-/caniuse-lite-1.0.30001478.tgz#0ef8a1cf8b16be47a0f9fc4ecfc952232724b32a"
  integrity sha512-gMhDyXGItTHipJj2ApIvR+iVB5hd0KP3svMWWXDvZOmjzJJassGLMfxRkQCSYgGd2gtdL/ReeiyvMSFD1Ss6Mw==

character-entities-legacy@^1.0.0:
  version "1.1.4"
  resolved "https://npm.corp.kuaishou.com/character-entities-legacy/-/character-entities-legacy-1.1.4.tgz#94bc1845dce70a5bb9d2ecc748725661293d8fc1"
  integrity sha512-3Xnr+7ZFS1uxeiUDvV02wQ+QDbc55o97tIV5zHScSPJpcLm/r0DFPcoY3tYRp+VZukxuMeKgXYmsXQHO05zQeA==

character-entities@^1.0.0:
  version "1.2.4"
  resolved "https://npm.corp.kuaishou.com/character-entities/-/character-entities-1.2.4.tgz#e12c3939b7eaf4e5b15e7ad4c5e28e1d48c5b16b"
  integrity sha512-iBMyeEHxfVnIakwOuDXpVkc54HijNgCyQB2w0VfGQThle6NXn50zU6V/u+LDhxHcDUPojn6Kpga3PTAD8W1bQw==

character-reference-invalid@^1.0.0:
  version "1.1.4"
  resolved "https://npm.corp.kuaishou.com/character-reference-invalid/-/character-reference-invalid-1.1.4.tgz#083329cda0eae272ab3dbbf37e9a382c13af1560"
  integrity sha512-mKKUkUbhPpQlCOfIuZkvSEgktjPFIsZKRRbC6KWVEMvlzblj3i3asQv5ODsrwt0N3pHAEvjP8KTQPHkp0+6jOg==

client-only@0.0.1:
  version "0.0.1"
  resolved "https://npm.corp.kuaishou.com/client-only/-/client-only-0.0.1.tgz#38bba5d403c41ab150bff64a95c85013cf73bca1"
  integrity sha512-IV3Ou0jSMzZrd3pZ48nLkT9DA7Ag1pnPzaiQhpW7c3RbcqqzvzzVu+L8gfqMp/8IM2MQtSiqaCxrrcfu8I8rMA==

combined-stream@^1.0.8:
  version "1.0.8"
  resolved "https://npm.corp.kuaishou.com/combined-stream/-/combined-stream-1.0.8.tgz#c3d45a8b34fd730631a110a8a2520682b31d5a7f"
  integrity sha512-FQN4MRfuJeHf7cBbBMJFXhKSDq+2kAArBlmRBvcvFE5BB1HZKXtSFASDhdlz9zOYwxh8lDdnvmMOe/+5cdoEdg==
  dependencies:
    delayed-stream "~1.0.0"

comma-separated-tokens@^1.0.0:
  version "1.0.8"
  resolved "https://npm.corp.kuaishou.com/comma-separated-tokens/-/comma-separated-tokens-1.0.8.tgz#632b80b6117867a158f1080ad498b2fbe7e3f5ea"
  integrity sha512-GHuDRO12Sypu2cV70d1dkA2EUmXHgntrzbpvOB+Qy+49ypNfGgFQIC2fhhXbnyrJRynDCAARsT7Ou0M6hirpfw==

delayed-stream@~1.0.0:
  version "1.0.0"
  resolved "https://npm.corp.kuaishou.com/delayed-stream/-/delayed-stream-1.0.0.tgz#df3ae199acadfb7d440aaae0b29e2272b24ec619"
  integrity sha512-ZySD7Nf91aLB0RxL4KGrKHBXl7Eds1DAmEdcoVawXnLD7SDhpNgtuII2aAkg7a7QS41jxPSZ17p4VdGnMHk3MQ==

entities@~3.0.1:
  version "3.0.1"
  resolved "https://npm.corp.kuaishou.com/entities/-/entities-3.0.1.tgz#2b887ca62585e96db3903482d336c1006c3001d4"
  integrity sha512-WiyBqoomrwMdFG1e0kqvASYfnlb0lp8M5o5Fw2OFq1hNZxxcNk8Ik0Xm7LxzBhuidnZB/UtBqVCgUz3kBOP51Q==

fault@^1.0.0:
  version "1.0.4"
  resolved "https://npm.corp.kuaishou.com/fault/-/fault-1.0.4.tgz#eafcfc0a6d214fc94601e170df29954a4f842f13"
  integrity sha512-CJ0HCB5tL5fYTEA7ToAq5+kTwd++Borf1/bifxd9iT70QcXr4MRrO3Llf8Ifs70q+SJcGHFtnIE/Nw6giCtECA==
  dependencies:
    format "^0.2.0"

follow-redirects@^1.14.8:
  version "1.15.2"
  resolved "https://npm.corp.kuaishou.com/follow-redirects/-/follow-redirects-1.15.2.tgz#b460864144ba63f2681096f274c4e57026da2c13"
  integrity sha512-VQLG33o04KaQ8uYi2tVNbdrWp1QWxNNea+nmIB4EVM28v0hmP17z7aG1+wAkNzVq4KeXTq3221ye5qTJP91JwA==

form-data@^4.0.0:
  version "4.0.0"
  resolved "https://npm.corp.kuaishou.com/form-data/-/form-data-4.0.0.tgz#93919daeaf361ee529584b9b31664dc12c9fa452"
  integrity sha512-ETEklSGi5t0QMZuiXoA/Q6vcnxcLQP5vdugSpuAyi6SVGi2clPPp+xgEhuMaHC+zGgn31Kd235W35f7Hykkaww==
  dependencies:
    asynckit "^0.4.0"
    combined-stream "^1.0.8"
    mime-types "^2.1.12"

format@^0.2.0:
  version "0.2.2"
  resolved "https://npm.corp.kuaishou.com/format/-/format-0.2.2.tgz#d6170107e9efdc4ed30c9dc39016df942b5cb58b"
  integrity sha512-wzsgA6WOq+09wrU1tsJ09udeR/YZRaeArL9e1wPbFg3GG2yDnC2ldKpxs4xunpFF9DgqCqOIra3bc1HWrJ37Ww==

hast-util-parse-selector@^2.0.0:
  version "2.2.5"
  resolved "https://npm.corp.kuaishou.com/hast-util-parse-selector/-/hast-util-parse-selector-2.2.5.tgz#d57c23f4da16ae3c63b3b6ca4616683313499c3a"
  integrity sha512-7j6mrk/qqkSehsM92wQjdIgWM2/BW61u/53G6xmC8i1OmEdKLHbk419QKQUjz6LglWsfqoiHmyMRkP1BGjecNQ==

hastscript@^6.0.0:
  version "6.0.0"
  resolved "https://npm.corp.kuaishou.com/hastscript/-/hastscript-6.0.0.tgz#e8768d7eac56c3fdeac8a92830d58e811e5bf640"
  integrity sha512-nDM6bvd7lIqDUiYEiu5Sl/+6ReP0BMk/2f4U/Rooccxkj0P5nm+acM5PrGJ/t5I8qPGiqZSE6hVAwZEdZIvP4w==
  dependencies:
    "@types/hast" "^2.0.0"
    comma-separated-tokens "^1.0.0"
    hast-util-parse-selector "^2.0.0"
    property-information "^5.0.0"
    space-separated-tokens "^1.0.0"

highlight.js@^10.4.1, highlight.js@~10.7.0:
  version "10.7.3"
  resolved "https://npm.corp.kuaishou.com/highlight.js/-/highlight.js-10.7.3.tgz#697272e3991356e40c3cac566a74eef681756531"
  integrity sha512-tzcUFauisWKNHaRkN4Wjl/ZA07gENAjFl3J/c480dprkGTg5EQstgaNFqBfUqCq54kZRIEcreTsAgF/m2quD7A==

is-alphabetical@^1.0.0:
  version "1.0.4"
  resolved "https://npm.corp.kuaishou.com/is-alphabetical/-/is-alphabetical-1.0.4.tgz#9e7d6b94916be22153745d184c298cbf986a686d"
  integrity sha512-DwzsA04LQ10FHTZuL0/grVDk4rFoVH1pjAToYwBrHSxcrBIGQuXrQMtD5U1b0U2XVgKZCTLLP8u2Qxqhy3l2Vg==

is-alphanumerical@^1.0.0:
  version "1.0.4"
  resolved "https://npm.corp.kuaishou.com/is-alphanumerical/-/is-alphanumerical-1.0.4.tgz#7eb9a2431f855f6b1ef1a78e326df515696c4dbf"
  integrity sha512-UzoZUr+XfVz3t3v4KyGEniVL9BDRoQtY7tOyrRybkVNjDFWyo1yhXNGrrBTQxp3ib9BLAWs7k2YKBQsFRkZG9A==
  dependencies:
    is-alphabetical "^1.0.0"
    is-decimal "^1.0.0"

is-decimal@^1.0.0:
  version "1.0.4"
  resolved "https://npm.corp.kuaishou.com/is-decimal/-/is-decimal-1.0.4.tgz#65a3a5958a1c5b63a706e1b333d7cd9f630d3fa5"
  integrity sha512-RGdriMmQQvZ2aqaQq3awNA6dCGtKpiDFcOzrTWrDAT2MiWrKQVPmxLGHl7Y2nNu6led0kEyoX0enY0qXYsv9zw==

is-hexadecimal@^1.0.0:
  version "1.0.4"
  resolved "https://npm.corp.kuaishou.com/is-hexadecimal/-/is-hexadecimal-1.0.4.tgz#cc35c97588da4bd49a8eedd6bc4082d44dcb23a7"
  integrity sha512-gyPJuv83bHMpocVYoqof5VDiZveEoGoFL8m3BXNb2VW8Xs+rz9kqO8LOQ5DH6EsuvilT1ApazU0pyl+ytbPtlw==

"js-tokens@^3.0.0 || ^4.0.0":
  version "4.0.0"
  resolved "https://npm.corp.kuaishou.com/js-tokens/-/js-tokens-4.0.0.tgz#19203fb59991df98e3a287050d4647cdeaf32499"
  integrity sha512-RdJUflcE3cUzKiMqQgsCu06FPu9UdIJO0beYbPhHN4k6apgJtifcoCtT9bcxOpYBtpD2kCM6Sbzg4CausW/PKQ==

linkify-it@^4.0.1:
  version "4.0.1"
  resolved "https://npm.corp.kuaishou.com/linkify-it/-/linkify-it-4.0.1.tgz#01f1d5e508190d06669982ba31a7d9f56a5751ec"
  integrity sha512-C7bfi1UZmoj8+PQx22XyeXCuBlokoyWQL5pWSP+EI6nzRylyThouddufc2c1NDIcP9k5agmN9fLpA7VNJfIiqw==
  dependencies:
    uc.micro "^1.0.1"

loose-envify@^1.1.0:
  version "1.4.0"
  resolved "https://npm.corp.kuaishou.com/loose-envify/-/loose-envify-1.4.0.tgz#71ee51fa7be4caec1a63839f7e682d8132d30caf"
  integrity sha512-lyuxPGr/Wfhrlem2CL/UcnUc1zcqKAImBDzukY7Y5F/yQiNdko6+fRLevlw1HgMySw7f611UIY408EtxRSoK3Q==
  dependencies:
    js-tokens "^3.0.0 || ^4.0.0"

lowlight@^1.17.0:
  version "1.20.0"
  resolved "https://npm.corp.kuaishou.com/lowlight/-/lowlight-1.20.0.tgz#ddb197d33462ad0d93bf19d17b6c301aa3941888"
  integrity sha512-8Ktj+prEb1RoCPkEOrPMYUN/nCggB7qAWe3a7OpMjWQkh3l2RD5wKRQ+o8Q8YuI9RG/xs95waaI/E6ym/7NsTw==
  dependencies:
    fault "^1.0.0"
    highlight.js "~10.7.0"

markdown-it@^13.0.1:
  version "13.0.1"
  resolved "https://npm.corp.kuaishou.com/markdown-it/-/markdown-it-13.0.1.tgz#c6ecc431cacf1a5da531423fc6a42807814af430"
  integrity sha512-lTlxriVoy2criHP0JKRhO2VDG9c2ypWCsT237eDiLqi09rmbKoUetyGHq2uOIRoRS//kfoJckS0eUzzkDR+k2Q==
  dependencies:
    argparse "^2.0.1"
    entities "~3.0.1"
    linkify-it "^4.0.1"
    mdurl "^1.0.1"
    uc.micro "^1.0.5"

mdurl@^1.0.1:
  version "1.0.1"
  resolved "https://npm.corp.kuaishou.com/mdurl/-/mdurl-1.0.1.tgz#fe85b2ec75a59037f2adfec100fd6c601761152e"
  integrity sha512-/sKlQJCBYVY9Ers9hqzKou4H6V5UWc/M59TH2dvkt+84itfnq7uFOMLpOiOS4ujvHP4etln18fmIxA5R5fll0g==

mime-db@1.52.0:
  version "1.52.0"
  resolved "https://npm.corp.kuaishou.com/mime-db/-/mime-db-1.52.0.tgz#bbabcdc02859f4987301c856e3387ce5ec43bf70"
  integrity sha512-sPU4uV7dYlvtWJxwwxHD0PuihVNiE7TyAbQ5SWxDCB9mUYvOgroQOwYQQOKPJ8CIbE+1ETVlOoK1UC2nU3gYvg==

mime-types@^2.1.12:
  version "2.1.35"
  resolved "https://npm.corp.kuaishou.com/mime-types/-/mime-types-2.1.35.tgz#381a871b62a734450660ae3deee44813f70d959a"
  integrity sha512-ZDY+bPm5zTTF+YpCrAU9nK0UgICYPT0QtT1NZWFv4s++TNkcgVaT0g6+4R2uI4MjQjzysHB1zxuWL50hzaeXiw==
  dependencies:
    mime-db "1.52.0"

nanoid@^3.3.4:
  version "3.3.6"
  resolved "https://npm.corp.kuaishou.com/nanoid/-/nanoid-3.3.6.tgz#443380c856d6e9f9824267d960b4236ad583ea4c"
  integrity sha512-BGcqMMJuToF7i1rt+2PWSNVnWIkGCU78jBG3RxO/bZlnZPK2Cmi2QaffxGO/2RvWi9sL+FAiRiXMgsyxQ1DIDA==

next@^13.1.1:
  version "13.3.0"
  resolved "https://npm.corp.kuaishou.com/next/-/next-13.3.0.tgz#40632d303d74fc8521faa0a5bf4a033a392749b1"
  integrity sha512-OVTw8MpIPa12+DCUkPqRGPS3thlJPcwae2ZL4xti3iBff27goH024xy4q2lhlsdoYiKOi8Kz6uJoLW/GXwgfOA==
  dependencies:
    "@next/env" "13.3.0"
    "@swc/helpers" "0.4.14"
    busboy "1.6.0"
    caniuse-lite "^1.0.30001406"
    postcss "8.4.14"
    styled-jsx "5.1.1"
  optionalDependencies:
    "@next/swc-darwin-arm64" "13.3.0"
    "@next/swc-darwin-x64" "13.3.0"
    "@next/swc-linux-arm64-gnu" "13.3.0"
    "@next/swc-linux-arm64-musl" "13.3.0"
    "@next/swc-linux-x64-gnu" "13.3.0"
    "@next/swc-linux-x64-musl" "13.3.0"
    "@next/swc-win32-arm64-msvc" "13.3.0"
    "@next/swc-win32-ia32-msvc" "13.3.0"
    "@next/swc-win32-x64-msvc" "13.3.0"

openai@^3.1.0:
  version "3.2.1"
  resolved "https://npm.corp.kuaishou.com/openai/-/openai-3.2.1.tgz#1fa35bdf979cbde8453b43f2dd3a7d401ee40866"
  integrity sha512-762C9BNlJPbjjlWZi4WYK9iM2tAVAv0uUp1UmI34vb0CN5T2mjB/qM6RYBmNKMh/dN9fC+bxqPwWJZUTWW052A==
  dependencies:
    axios "^0.26.0"
    form-data "^4.0.0"

parse-entities@^2.0.0:
  version "2.0.0"
  resolved "https://npm.corp.kuaishou.com/parse-entities/-/parse-entities-2.0.0.tgz#53c6eb5b9314a1f4ec99fa0fdf7ce01ecda0cbe8"
  integrity sha512-kkywGpCcRYhqQIchaWqZ875wzpS/bMKhz5HnN3p7wveJTkTtyAB/AlnS0f8DFSqYW1T82t6yEAkEcB+A1I3MbQ==
  dependencies:
    character-entities "^1.0.0"
    character-entities-legacy "^1.0.0"
    character-reference-invalid "^1.0.0"
    is-alphanumerical "^1.0.0"
    is-decimal "^1.0.0"
    is-hexadecimal "^1.0.0"

picocolors@^1.0.0:
  version "1.0.0"
  resolved "https://npm.corp.kuaishou.com/picocolors/-/picocolors-1.0.0.tgz#cb5bdc74ff3f51892236eaf79d68bc44564ab81c"
  integrity sha512-1fygroTLlHu66zi26VoTDv8yRgm0Fccecssto+MhsZ0D/DGW2sm8E8AjW7NU5VVTRt5GxbeZ5qBuJr+HyLYkjQ==

postcss@8.4.14:
  version "8.4.14"
  resolved "https://npm.corp.kuaishou.com/postcss/-/postcss-8.4.14.tgz#ee9274d5622b4858c1007a74d76e42e56fd21caf"
  integrity sha512-E398TUmfAYFPBSdzgeieK2Y1+1cpdxJx8yXbK/m57nRhKSmk1GB2tO4lbLBtlkfPQTDKfe4Xqv1ASWPpayPEig==
  dependencies:
    nanoid "^3.3.4"
    picocolors "^1.0.0"
    source-map-js "^1.0.2"

prismjs@^1.27.0:
  version "1.29.0"
  resolved "https://npm.corp.kuaishou.com/prismjs/-/prismjs-1.29.0.tgz#f113555a8fa9b57c35e637bba27509dcf802dd12"
  integrity sha512-Kx/1w86q/epKcmte75LNrEoT+lX8pBpavuAbvJWRXar7Hz8jrtF+e3vY751p0R8H9HdArwaCTNDDzHg/ScJK1Q==

prismjs@~1.27.0:
  version "1.27.0"
  resolved "https://npm.corp.kuaishou.com/prismjs/-/prismjs-1.27.0.tgz#bb6ee3138a0b438a3653dd4d6ce0cc6510a45057"
  integrity sha512-t13BGPUlFDR7wRB5kQDG4jjl7XeuH6jbJGt11JHPL96qwsEHNX2+68tFXqc1/k+/jALsbSWJKUOT/hcYAZ5LkA==

property-information@^5.0.0:
  version "5.6.0"
  resolved "https://npm.corp.kuaishou.com/property-information/-/property-information-5.6.0.tgz#61675545fb23002f245c6540ec46077d4da3ed69"
  integrity sha512-YUHSPk+A30YPv+0Qf8i9Mbfe/C0hdPXk1s1jPVToV8pk8BQtpw10ct89Eo7OWkutrwqvT0eicAxlOg3dOAu8JA==
  dependencies:
    xtend "^4.0.0"

react-dom@^18.2.0:
  version "18.2.0"
  resolved "https://npm.corp.kuaishou.com/react-dom/-/react-dom-18.2.0.tgz#22aaf38708db2674ed9ada224ca4aa708d821e3d"
  integrity sha512-6IMTriUmvsjHUjNtEDudZfuDQUoWXVxKHhlEGSk81n4YFS+r/Kl99wXiwlVXtPBtJenozv2P+hxDsw9eA7Xo6g==
  dependencies:
    loose-envify "^1.1.0"
    scheduler "^0.23.0"

react-syntax-highlighter@^15.5.0:
  version "15.5.0"
  resolved "https://npm.corp.kuaishou.com/react-syntax-highlighter/-/react-syntax-highlighter-15.5.0.tgz#4b3eccc2325fa2ec8eff1e2d6c18fa4a9e07ab20"
  integrity sha512-+zq2myprEnQmH5yw6Gqc8lD55QHnpKaU8TOcFeC/Lg/MQSs8UknEA0JC4nTZGFAXC2J2Hyj/ijJ7NlabyPi2gg==
  dependencies:
    "@babel/runtime" "^7.3.1"
    highlight.js "^10.4.1"
    lowlight "^1.17.0"
    prismjs "^1.27.0"
    refractor "^3.6.0"

react@^18.2.0:
  version "18.2.0"
  resolved "https://npm.corp.kuaishou.com/react/-/react-18.2.0.tgz#555bd98592883255fa00de14f1151a917b5d77d5"
  integrity sha512-/3IjMdb2L9QbBdWiW5e3P2/npwMBaU9mHCSCUzNln0ZCYbcfTsGbTJrU/kGemdH2IWmB2ioZ+zkxtmq6g09fGQ==
  dependencies:
    loose-envify "^1.1.0"

refractor@^3.6.0:
  version "3.6.0"
  resolved "https://npm.corp.kuaishou.com/refractor/-/refractor-3.6.0.tgz#ac318f5a0715ead790fcfb0c71f4dd83d977935a"
  integrity sha512-MY9W41IOWxxk31o+YvFCNyNzdkc9M20NoZK5vq6jkv4I/uh2zkWcfudj0Q1fovjUQJrNewS9NMzeTtqPf+n5EA==
  dependencies:
    hastscript "^6.0.0"
    parse-entities "^2.0.0"
    prismjs "~1.27.0"

regenerator-runtime@^0.13.11:
  version "0.13.11"
  resolved "https://npm.corp.kuaishou.com/regenerator-runtime/-/regenerator-runtime-0.13.11.tgz#f6dca3e7ceec20590d07ada785636a90cdca17f9"
  integrity sha512-kY1AZVr2Ra+t+piVaJ4gxaFaReZVH40AKNo7UCX6W+dEwBo/2oZJzqfuN1qLq1oL45o56cPaTXELwrTh8Fpggg==

scheduler@^0.23.0:
  version "0.23.0"
  resolved "https://npm.corp.kuaishou.com/scheduler/-/scheduler-0.23.0.tgz#ba8041afc3d30eb206a487b6b384002e4e61fdfe"
  integrity sha512-CtuThmgHNg7zIZWAXi3AsyIzA3n4xx7aNyjwC2VJldO2LMVDhFK+63xGqq6CsJH4rTAt6/M+N4GhZiDYPx9eUw==
  dependencies:
    loose-envify "^1.1.0"

source-map-js@^1.0.2:
  version "1.0.2"
  resolved "https://npm.corp.kuaishou.com/source-map-js/-/source-map-js-1.0.2.tgz#adbc361d9c62df380125e7f161f71c826f1e490c"
  integrity sha512-R0XvVJ9WusLiqTCEiGCmICCMplcCkIwwR11mOSD9CR5u+IXYdiseeEuXCVAjS54zqwkLcPNnmU4OeJ6tUrWhDw==

space-separated-tokens@^1.0.0:
  version "1.1.5"
  resolved "https://npm.corp.kuaishou.com/space-separated-tokens/-/space-separated-tokens-1.1.5.tgz#85f32c3d10d9682007e917414ddc5c26d1aa6899"
  integrity sha512-q/JSVd1Lptzhf5bkYm4ob4iWPjx0KiRe3sRFBNrVqbJkFaBm5vbbowy1mymoPNLRa52+oadOhJ+K49wsSeSjTA==

streamsearch@^1.1.0:
  version "1.1.0"
  resolved "https://npm.corp.kuaishou.com/streamsearch/-/streamsearch-1.1.0.tgz#404dd1e2247ca94af554e841a8ef0eaa238da764"
  integrity sha512-Mcc5wHehp9aXz1ax6bZUyY5afg9u2rv5cqQI3mRrYkGC8rW2hM02jWuwjtL++LS5qinSyhj2QfLyNsuc+VsExg==

styled-jsx@5.1.1:
  version "5.1.1"
  resolved "https://npm.corp.kuaishou.com/styled-jsx/-/styled-jsx-5.1.1.tgz#839a1c3aaacc4e735fed0781b8619ea5d0009d1f"
  integrity sha512-pW7uC1l4mBZ8ugbiZrcIsiIvVx1UmTfw7UkC3Um2tmfUq9Bhk8IiyEIPl6F8agHgjzku6j0xQEZbfA5uSgSaCw==
  dependencies:
    client-only "0.0.1"

tslib@^2.4.0:
  version "2.5.0"
  resolved "https://npm.corp.kuaishou.com/tslib/-/tslib-2.5.0.tgz#42bfed86f5787aeb41d031866c8f402429e0fddf"
  integrity sha512-336iVw3rtn2BUK7ORdIAHTyxHGRIHVReokCR3XjbckJMK7ms8FysBfhLR8IXnAgy7T0PTPNBWKiH514FOW/WSg==

uc.micro@^1.0.1, uc.micro@^1.0.5:
  version "1.0.6"
  resolved "https://npm.corp.kuaishou.com/uc.micro/-/uc.micro-1.0.6.tgz#9c411a802a409a91fc6cf74081baba34b24499ac"
  integrity sha512-8Y75pvTYkLJW2hWQHXxoqRgV7qb9B+9vFEtidML+7koHUFapnVJAZ6cKs+Qjz5Aw3aZWHMC6u0wJE3At+nSGwA==

xtend@^4.0.0:
  version "4.0.2"
  resolved "https://npm.corp.kuaishou.com/xtend/-/xtend-4.0.2.tgz#bb72779f5fa465186b1f438f674fa347fdb5db54"
  integrity sha512-LKYU1iAXJXUgAXn9URjiu+MWhyUXHsvfp7mcuYm9dSUKK0/CjtrUwFAxD82/mCWbtLsGjFIad0wIsod4zrTAEQ==
